
Microsoft Visual Studio Solution File, Format Version 12.00
# Visual Studio Version 17
VisualStudioVersion = 17.9.34616.47
MinimumVisualStudioVersion = 10.0.40219.1
Project("{9A19103F-16F7-4668-BE54-9A1E7A4F7556}") = "todo_api", "todo_api\todo_api.csproj", "{F5461615-6884-44C2-97C2-BA96107EB50F}"
EndProject
Project("{9A19103F-16F7-4668-BE54-9A1E7A4F7556}") = "todo_library", "todo_library\todo_library.csproj", "{C8AD6E5A-1649-4EDC-B47B-3C34D646C3FA}"
EndProject
Project("{FAE04EC0-301F-11D3-BF4B-00C04F79EFBC}") = "todo_app", "todo_app\todo_app.csproj", "{17F50BD6-47F7-4EAA-BC7F-777B2ECA20E4}"
EndProject
Global
	GlobalSection(SolutionConfigurationPlatforms) = preSolution
		Debug|Any CPU = Debug|Any CPU
		Release|Any CPU = Release|Any CPU
	EndGlobalSection
	GlobalSection(ProjectConfigurationPlatforms) = postSolution
		{F5461615-6884-44C2-97C2-BA96107EB50F}.Debug|Any CPU.ActiveCfg = Debug|Any CPU
		{F5461615-6884-44C2-97C2-BA96107EB50F}.Debug|Any CPU.Build.0 = Debug|Any CPU
		{F5461615-6884-44C2-97C2-BA96107EB50F}.Release|Any CPU.ActiveCfg = Release|Any CPU
		{F5461615-6884-44C2-97C2-BA96107EB50F}.Release|Any CPU.Build.0 = Release|Any CPU
		{C8AD6E5A-1649-4EDC-B47B-3C34D646C3FA}.Debug|Any CPU.ActiveCfg = Debug|Any CPU
		{C8AD6E5A-1649-4EDC-B47B-3C34D646C3FA}.Debug|Any CPU.Build.0 = Debug|Any CPU
		{C8AD6E5A-1649-4EDC-B47B-3C34D646C3FA}.Release|Any CPU.ActiveCfg = Release|Any CPU
		{C8AD6E5A-1649-4EDC-B47B-3C34D646C3FA}.Release|Any CPU.Build.0 = Release|Any CPU
		{17F50BD6-47F7-4EAA-BC7F-777B2ECA20E4}.Debug|Any CPU.ActiveCfg = Debug|Any CPU
		{17F50BD6-47F7-4EAA-BC7F-777B2ECA20E4}.Debug|Any CPU.Build.0 = Debug|Any CPU
		{17F50BD6-47F7-4EAA-BC7F-777B2ECA20E4}.Release|Any CPU.ActiveCfg = Release|Any CPU
		{17F50BD6-47F7-4EAA-BC7F-777B2ECA20E4}.Release|Any CPU.Build.0 = Release|Any CPU
	EndGlobalSection
	GlobalSection(SolutionProperties) = preSolution
		HideSolutionNode = FALSE
	EndGlobalSection
	GlobalSection(ExtensibilityGlobals) = postSolution
		SolutionGuid = {8CD4A47D-B39D-4E30-A30A-EF7A0EEFEB6C}
	EndGlobalSection
EndGlobal
